
Microsoft Visual Studio Solution File, Format Version 12.00
# Visual Studio Version 17
VisualStudioVersion = 17.5.2.0
MinimumVisualStudioVersion = 10.0.40219.1
Project("{2150E333-8FDC-42A3-9474-1A3956D46DE8}") = "gateway", "gateway", "{E7BDDBC6-9FD1-D1D7-ACD8-2C4F8E3D2461}"
EndProject
Project("{2150E333-8FDC-42A3-9474-1A3956D46DE8}") = "services", "services", "{5854FF58-B8C5-05C6-5BF2-ACE42193F22B}"
EndProject
Project("{2150E333-8FDC-42A3-9474-1A3956D46DE8}") = "shared", "shared", "{4F52FD11-658E-A102-6CD3-7D7C16FFA15B}"
EndProject
Project("{FAE04EC0-301F-11D3-BF4B-00C04F79EFBC}") = "HospitalGateway", "gateway\HospitalGateway\HospitalGateway.csproj", "{D5DF9518-0129-0B11-693A-4AE283754088}"
EndProject
Project("{FAE04EC0-301F-11D3-BF4B-00C04F79EFBC}") = "AppointmentService", "services\AppointmentService\AppointmentService.csproj", "{FB95056A-35E6-3B27-B668-87E2A046F9FB}"
EndProject
Project("{FAE04EC0-301F-11D3-BF4B-00C04F79EFBC}") = "PatientService", "services\PatientService\PatientService.csproj", "{7C3C2731-6A35-13F7-0073-89C6E3723294}"
EndProject
Project("{FAE04EC0-301F-11D3-BF4B-00C04F79EFBC}") = "HospitalShared", "shared\HospitalShared\HospitalShared.csproj", "{E87BE5DD-6144-040C-1512-AAB19101606B}"
EndProject
Project("{FAE04EC0-301F-11D3-BF4B-00C04F79EFBC}") = "DoctorScheduleService", "services\DoctorScheduleService\DoctorScheduleService.csproj", "{A1B2C3D4-1111-2222-3333-444455556666}"
EndProject
Project("{FAE04EC0-301F-11D3-BF4B-00C04F79EFBC}") = "PaymentService", "services\PaymentService\PaymentService.csproj", "{A1B2C3D4-5555-6666-7777-888899990000}"
EndProject
Project("{FAE04EC0-301F-11D3-BF4B-00C04F79EFBC}") = "SearchServiceDotnet", "services\SearchServiceDotnet\SearchServiceDotnet.csproj", "{71F404E3-778D-4C3D-BF97-01E44E4B2DB5}"
EndProject
Project("{FAE04EC0-301F-11D3-BF4B-00C04F79EFBC}") = "PharmacyServiceDotnet", "services\PharmacyServiceDotnet\PharmacyServiceDotnet.csproj", "{6D5B1A69-DDF9-4573-A923-C39E573ECCF7}"
EndProject
Project("{FAE04EC0-301F-11D3-BF4B-00C04F79EFBC}") = "MedicalRecordServiceDotnet", "services\MedicalRecordServiceDotnet\MedicalRecordServiceDotnet.csproj", "{DFD5293B-64B4-4D38-A554-DA6E010B2895}"
EndProject
Project("{FAE04EC0-301F-11D3-BF4B-00C04F79EFBC}") = "NotificationServiceDotnet", "services\NotificationServiceDotnet\NotificationServiceDotnet.csproj", "{BED25C9C-0BDC-4968-8E51-CA49FFD1DFB9}"
EndProject
Project("{FAE04EC0-301F-11D3-BF4B-00C04F79EFBC}") = "AuthServiceDotnet", "services\AuthServiceDotnet\AuthServiceDotnet.csproj", "{5C8BC329-119B-4BBA-B58C-E360402811C9}"
EndProject
Project("{FAE04EC0-301F-11D3-BF4B-00C04F79EFBC}") = "FakePaymentProvider", "services\FakePaymentProvider\FakePaymentProvider.csproj", "{A9DECAE7-5F94-4176-9E6D-459A0766BAC9}"
EndProject
Project("{FAE04EC0-301F-11D3-BF4B-00C04F79EFBC}") = "OrchestratorService", "services\OrchestratorService\OrchestratorService.csproj", "{7FC9A383-776E-407C-ACBB-1700B79B74D2}"
EndProject
Global
	GlobalSection(SolutionConfigurationPlatforms) = preSolution
		Debug|Any CPU = Debug|Any CPU
		Debug|x64 = Debug|x64
		Debug|x86 = Debug|x86
		Release|Any CPU = Release|Any CPU
		Release|x64 = Release|x64
		Release|x86 = Release|x86
	EndGlobalSection
	GlobalSection(ProjectConfigurationPlatforms) = postSolution
		{D5DF9518-0129-0B11-693A-4AE283754088}.Debug|Any CPU.ActiveCfg = Debug|Any CPU
		{D5DF9518-0129-0B11-693A-4AE283754088}.Debug|Any CPU.Build.0 = Debug|Any CPU
		{D5DF9518-0129-0B11-693A-4AE283754088}.Debug|x64.ActiveCfg = Debug|Any CPU
		{D5DF9518-0129-0B11-693A-4AE283754088}.Debug|x64.Build.0 = Debug|Any CPU
		{D5DF9518-0129-0B11-693A-4AE283754088}.Debug|x86.ActiveCfg = Debug|Any CPU
		{D5DF9518-0129-0B11-693A-4AE283754088}.Debug|x86.Build.0 = Debug|Any CPU
		{D5DF9518-0129-0B11-693A-4AE283754088}.Release|Any CPU.ActiveCfg = Release|Any CPU
		{D5DF9518-0129-0B11-693A-4AE283754088}.Release|Any CPU.Build.0 = Release|Any CPU
		{D5DF9518-0129-0B11-693A-4AE283754088}.Release|x64.ActiveCfg = Release|Any CPU
		{D5DF9518-0129-0B11-693A-4AE283754088}.Release|x64.Build.0 = Release|Any CPU
		{D5DF9518-0129-0B11-693A-4AE283754088}.Release|x86.ActiveCfg = Release|Any CPU
		{D5DF9518-0129-0B11-693A-4AE283754088}.Release|x86.Build.0 = Release|Any CPU
		{FB95056A-35E6-3B27-B668-87E2A046F9FB}.Debug|Any CPU.ActiveCfg = Debug|Any CPU
		{FB95056A-35E6-3B27-B668-87E2A046F9FB}.Debug|Any CPU.Build.0 = Debug|Any CPU
		{FB95056A-35E6-3B27-B668-87E2A046F9FB}.Debug|x64.ActiveCfg = Debug|Any CPU
		{FB95056A-35E6-3B27-B668-87E2A046F9FB}.Debug|x64.Build.0 = Debug|Any CPU
		{FB95056A-35E6-3B27-B668-87E2A046F9FB}.Debug|x86.ActiveCfg = Debug|Any CPU
		{FB95056A-35E6-3B27-B668-87E2A046F9FB}.Debug|x86.Build.0 = Debug|Any CPU
		{FB95056A-35E6-3B27-B668-87E2A046F9FB}.Release|Any CPU.ActiveCfg = Release|Any CPU
		{FB95056A-35E6-3B27-B668-87E2A046F9FB}.Release|Any CPU.Build.0 = Release|Any CPU
		{FB95056A-35E6-3B27-B668-87E2A046F9FB}.Release|x64.ActiveCfg = Release|Any CPU
		{FB95056A-35E6-3B27-B668-87E2A046F9FB}.Release|x64.Build.0 = Release|Any CPU
		{FB95056A-35E6-3B27-B668-87E2A046F9FB}.Release|x86.ActiveCfg = Release|Any CPU
		{FB95056A-35E6-3B27-B668-87E2A046F9FB}.Release|x86.Build.0 = Release|Any CPU
		{7C3C2731-6A35-13F7-0073-89C6E3723294}.Debug|Any CPU.ActiveCfg = Debug|Any CPU
		{7C3C2731-6A35-13F7-0073-89C6E3723294}.Debug|Any CPU.Build.0 = Debug|Any CPU
		{7C3C2731-6A35-13F7-0073-89C6E3723294}.Debug|x64.ActiveCfg = Debug|Any CPU
		{7C3C2731-6A35-13F7-0073-89C6E3723294}.Debug|x64.Build.0 = Debug|Any CPU
		{7C3C2731-6A35-13F7-0073-89C6E3723294}.Debug|x86.ActiveCfg = Debug|Any CPU
		{7C3C2731-6A35-13F7-0073-89C6E3723294}.Debug|x86.Build.0 = Debug|Any CPU
		{7C3C2731-6A35-13F7-0073-89C6E3723294}.Release|Any CPU.ActiveCfg = Release|Any CPU
		{7C3C2731-6A35-13F7-0073-89C6E3723294}.Release|Any CPU.Build.0 = Release|Any CPU
		{7C3C2731-6A35-13F7-0073-89C6E3723294}.Release|x64.ActiveCfg = Release|Any CPU
		{7C3C2731-6A35-13F7-0073-89C6E3723294}.Release|x64.Build.0 = Release|Any CPU
		{7C3C2731-6A35-13F7-0073-89C6E3723294}.Release|x86.ActiveCfg = Release|Any CPU
		{7C3C2731-6A35-13F7-0073-89C6E3723294}.Release|x86.Build.0 = Release|Any CPU
		{E87BE5DD-6144-040C-1512-AAB19101606B}.Debug|Any CPU.ActiveCfg = Debug|Any CPU
		{E87BE5DD-6144-040C-1512-AAB19101606B}.Debug|Any CPU.Build.0 = Debug|Any CPU
		{E87BE5DD-6144-040C-1512-AAB19101606B}.Debug|x64.ActiveCfg = Debug|Any CPU
		{E87BE5DD-6144-040C-1512-AAB19101606B}.Debug|x64.Build.0 = Debug|Any CPU
		{E87BE5DD-6144-040C-1512-AAB19101606B}.Debug|x86.ActiveCfg = Debug|Any CPU
		{E87BE5DD-6144-040C-1512-AAB19101606B}.Debug|x86.Build.0 = Debug|Any CPU
		{E87BE5DD-6144-040C-1512-AAB19101606B}.Release|Any CPU.ActiveCfg = Release|Any CPU
		{E87BE5DD-6144-040C-1512-AAB19101606B}.Release|Any CPU.Build.0 = Release|Any CPU
		{E87BE5DD-6144-040C-1512-AAB19101606B}.Release|x64.ActiveCfg = Release|Any CPU
		{E87BE5DD-6144-040C-1512-AAB19101606B}.Release|x64.Build.0 = Release|Any CPU
		{E87BE5DD-6144-040C-1512-AAB19101606B}.Release|x86.ActiveCfg = Release|Any CPU
		{E87BE5DD-6144-040C-1512-AAB19101606B}.Release|x86.Build.0 = Release|Any CPU
		{A1B2C3D4-1111-2222-3333-444455556666}.Debug|Any CPU.ActiveCfg = Debug|Any CPU
		{A1B2C3D4-1111-2222-3333-444455556666}.Debug|Any CPU.Build.0 = Debug|Any CPU
		{A1B2C3D4-1111-2222-3333-444455556666}.Debug|x64.ActiveCfg = Debug|Any CPU
		{A1B2C3D4-1111-2222-3333-444455556666}.Debug|x64.Build.0 = Debug|Any CPU
		{A1B2C3D4-1111-2222-3333-444455556666}.Debug|x86.ActiveCfg = Debug|Any CPU
		{A1B2C3D4-1111-2222-3333-444455556666}.Debug|x86.Build.0 = Debug|Any CPU
		{A1B2C3D4-1111-2222-3333-444455556666}.Release|Any CPU.ActiveCfg = Release|Any CPU
		{A1B2C3D4-1111-2222-3333-444455556666}.Release|Any CPU.Build.0 = Release|Any CPU
		{A1B2C3D4-1111-2222-3333-444455556666}.Release|x64.ActiveCfg = Release|Any CPU
		{A1B2C3D4-1111-2222-3333-444455556666}.Release|x64.Build.0 = Release|Any CPU
		{A1B2C3D4-1111-2222-3333-444455556666}.Release|x86.ActiveCfg = Release|Any CPU
		{A1B2C3D4-1111-2222-3333-444455556666}.Release|x86.Build.0 = Release|Any CPU
		{A1B2C3D4-5555-6666-7777-888899990000}.Debug|Any CPU.ActiveCfg = Debug|Any CPU
		{A1B2C3D4-5555-6666-7777-888899990000}.Debug|Any CPU.Build.0 = Debug|Any CPU
		{A1B2C3D4-5555-6666-7777-888899990000}.Debug|x64.ActiveCfg = Debug|Any CPU
		{A1B2C3D4-5555-6666-7777-888899990000}.Debug|x64.Build.0 = Debug|Any CPU
		{A1B2C3D4-5555-6666-7777-888899990000}.Debug|x86.ActiveCfg = Debug|Any CPU
		{A1B2C3D4-5555-6666-7777-888899990000}.Debug|x86.Build.0 = Debug|Any CPU
		{A1B2C3D4-5555-6666-7777-888899990000}.Release|Any CPU.ActiveCfg = Release|Any CPU
		{A1B2C3D4-5555-6666-7777-888899990000}.Release|Any CPU.Build.0 = Release|Any CPU
		{A1B2C3D4-5555-6666-7777-888899990000}.Release|x64.ActiveCfg = Release|Any CPU
		{A1B2C3D4-5555-6666-7777-888899990000}.Release|x64.Build.0 = Release|Any CPU
		{A1B2C3D4-5555-6666-7777-888899990000}.Release|x86.ActiveCfg = Release|Any CPU
		{A1B2C3D4-5555-6666-7777-888899990000}.Release|x86.Build.0 = Release|Any CPU
		{71F404E3-778D-4C3D-BF97-01E44E4B2DB5}.Debug|Any CPU.ActiveCfg = Debug|Any CPU
		{71F404E3-778D-4C3D-BF97-01E44E4B2DB5}.Debug|Any CPU.Build.0 = Debug|Any CPU
		{71F404E3-778D-4C3D-BF97-01E44E4B2DB5}.Debug|x64.ActiveCfg = Debug|Any CPU
		{71F404E3-778D-4C3D-BF97-01E44E4B2DB5}.Debug|x64.Build.0 = Debug|Any CPU
		{71F404E3-778D-4C3D-BF97-01E44E4B2DB5}.Debug|x86.ActiveCfg = Debug|Any CPU
		{71F404E3-778D-4C3D-BF97-01E44E4B2DB5}.Debug|x86.Build.0 = Debug|Any CPU
		{71F404E3-778D-4C3D-BF97-01E44E4B2DB5}.Release|Any CPU.ActiveCfg = Release|Any CPU
		{71F404E3-778D-4C3D-BF97-01E44E4B2DB5}.Release|Any CPU.Build.0 = Release|Any CPU
		{71F404E3-778D-4C3D-BF97-01E44E4B2DB5}.Release|x64.ActiveCfg = Release|Any CPU
		{71F404E3-778D-4C3D-BF97-01E44E4B2DB5}.Release|x64.Build.0 = Release|Any CPU
		{71F404E3-778D-4C3D-BF97-01E44E4B2DB5}.Release|x86.ActiveCfg = Release|Any CPU
		{71F404E3-778D-4C3D-BF97-01E44E4B2DB5}.Release|x86.Build.0 = Release|Any CPU
		{6D5B1A69-DDF9-4573-A923-C39E573ECCF7}.Debug|Any CPU.ActiveCfg = Debug|Any CPU
		{6D5B1A69-DDF9-4573-A923-C39E573ECCF7}.Debug|Any CPU.Build.0 = Debug|Any CPU
		{6D5B1A69-DDF9-4573-A923-C39E573ECCF7}.Debug|x64.ActiveCfg = Debug|Any CPU
		{6D5B1A69-DDF9-4573-A923-C39E573ECCF7}.Debug|x64.Build.0 = Debug|Any CPU
		{6D5B1A69-DDF9-4573-A923-C39E573ECCF7}.Debug|x86.ActiveCfg = Debug|Any CPU
		{6D5B1A69-DDF9-4573-A923-C39E573ECCF7}.Debug|x86.Build.0 = Debug|Any CPU
		{6D5B1A69-DDF9-4573-A923-C39E573ECCF7}.Release|Any CPU.ActiveCfg = Release|Any CPU
		{6D5B1A69-DDF9-4573-A923-C39E573ECCF7}.Release|Any CPU.Build.0 = Release|Any CPU
		{6D5B1A69-DDF9-4573-A923-C39E573ECCF7}.Release|x64.ActiveCfg = Release|Any CPU
		{6D5B1A69-DDF9-4573-A923-C39E573ECCF7}.Release|x64.Build.0 = Release|Any CPU
		{6D5B1A69-DDF9-4573-A923-C39E573ECCF7}.Release|x86.ActiveCfg = Release|Any CPU
		{6D5B1A69-DDF9-4573-A923-C39E573ECCF7}.Release|x86.Build.0 = Release|Any CPU
		{DFD5293B-64B4-4D38-A554-DA6E010B2895}.Debug|Any CPU.ActiveCfg = Debug|Any CPU
		{DFD5293B-64B4-4D38-A554-DA6E010B2895}.Debug|Any CPU.Build.0 = Debug|Any CPU
		{DFD5293B-64B4-4D38-A554-DA6E010B2895}.Debug|x64.ActiveCfg = Debug|Any CPU
		{DFD5293B-64B4-4D38-A554-DA6E010B2895}.Debug|x64.Build.0 = Debug|Any CPU
		{DFD5293B-64B4-4D38-A554-DA6E010B2895}.Debug|x86.ActiveCfg = Debug|Any CPU
		{DFD5293B-64B4-4D38-A554-DA6E010B2895}.Debug|x86.Build.0 = Debug|Any CPU
		{DFD5293B-64B4-4D38-A554-DA6E010B2895}.Release|Any CPU.ActiveCfg = Release|Any CPU
		{DFD5293B-64B4-4D38-A554-DA6E010B2895}.Release|Any CPU.Build.0 = Release|Any CPU
		{DFD5293B-64B4-4D38-A554-DA6E010B2895}.Release|x64.ActiveCfg = Release|Any CPU
		{DFD5293B-64B4-4D38-A554-DA6E010B2895}.Release|x64.Build.0 = Release|Any CPU
		{DFD5293B-64B4-4D38-A554-DA6E010B2895}.Release|x86.ActiveCfg = Release|Any CPU
		{DFD5293B-64B4-4D38-A554-DA6E010B2895}.Release|x86.Build.0 = Release|Any CPU
		{BED25C9C-0BDC-4968-8E51-CA49FFD1DFB9}.Debug|Any CPU.ActiveCfg = Debug|Any CPU
		{BED25C9C-0BDC-4968-8E51-CA49FFD1DFB9}.Debug|Any CPU.Build.0 = Debug|Any CPU
		{BED25C9C-0BDC-4968-8E51-CA49FFD1DFB9}.Debug|x64.ActiveCfg = Debug|Any CPU
		{BED25C9C-0BDC-4968-8E51-CA49FFD1DFB9}.Debug|x64.Build.0 = Debug|Any CPU
		{BED25C9C-0BDC-4968-8E51-CA49FFD1DFB9}.Debug|x86.ActiveCfg = Debug|Any CPU
		{BED25C9C-0BDC-4968-8E51-CA49FFD1DFB9}.Debug|x86.Build.0 = Debug|Any CPU
		{BED25C9C-0BDC-4968-8E51-CA49FFD1DFB9}.Release|Any CPU.ActiveCfg = Release|Any CPU
		{BED25C9C-0BDC-4968-8E51-CA49FFD1DFB9}.Release|Any CPU.Build.0 = Release|Any CPU
		{BED25C9C-0BDC-4968-8E51-CA49FFD1DFB9}.Release|x64.ActiveCfg = Release|Any CPU
		{BED25C9C-0BDC-4968-8E51-CA49FFD1DFB9}.Release|x64.Build.0 = Release|Any CPU
		{BED25C9C-0BDC-4968-8E51-CA49FFD1DFB9}.Release|x86.ActiveCfg = Release|Any CPU
		{BED25C9C-0BDC-4968-8E51-CA49FFD1DFB9}.Release|x86.Build.0 = Release|Any CPU
		{5C8BC329-119B-4BBA-B58C-E360402811C9}.Debug|Any CPU.ActiveCfg = Debug|Any CPU
		{5C8BC329-119B-4BBA-B58C-E360402811C9}.Debug|Any CPU.Build.0 = Debug|Any CPU
		{5C8BC329-119B-4BBA-B58C-E360402811C9}.Debug|x64.ActiveCfg = Debug|Any CPU
		{5C8BC329-119B-4BBA-B58C-E360402811C9}.Debug|x64.Build.0 = Debug|Any CPU
		{5C8BC329-119B-4BBA-B58C-E360402811C9}.Debug|x86.ActiveCfg = Debug|Any CPU
		{5C8BC329-119B-4BBA-B58C-E360402811C9}.Debug|x86.Build.0 = Debug|Any CPU
		{5C8BC329-119B-4BBA-B58C-E360402811C9}.Release|Any CPU.ActiveCfg = Release|Any CPU
		{5C8BC329-119B-4BBA-B58C-E360402811C9}.Release|Any CPU.Build.0 = Release|Any CPU
		{5C8BC329-119B-4BBA-B58C-E360402811C9}.Release|x64.ActiveCfg = Release|Any CPU
		{5C8BC329-119B-4BBA-B58C-E360402811C9}.Release|x64.Build.0 = Release|Any CPU
		{5C8BC329-119B-4BBA-B58C-E360402811C9}.Release|x86.ActiveCfg = Release|Any CPU
		{5C8BC329-119B-4BBA-B58C-E360402811C9}.Release|x86.Build.0 = Release|Any CPU
		{A9DECAE7-5F94-4176-9E6D-459A0766BAC9}.Debug|Any CPU.ActiveCfg = Debug|Any CPU
		{A9DECAE7-5F94-4176-9E6D-459A0766BAC9}.Debug|Any CPU.Build.0 = Debug|Any CPU
		{A9DECAE7-5F94-4176-9E6D-459A0766BAC9}.Debug|x64.ActiveCfg = Debug|Any CPU
		{A9DECAE7-5F94-4176-9E6D-459A0766BAC9}.Debug|x64.Build.0 = Debug|Any CPU
		{A9DECAE7-5F94-4176-9E6D-459A0766BAC9}.Debug|x86.ActiveCfg = Debug|Any CPU
		{A9DECAE7-5F94-4176-9E6D-459A0766BAC9}.Debug|x86.Build.0 = Debug|Any CPU
		{A9DECAE7-5F94-4176-9E6D-459A0766BAC9}.Release|Any CPU.ActiveCfg = Release|Any CPU
		{A9DECAE7-5F94-4176-9E6D-459A0766BAC9}.Release|Any CPU.Build.0 = Release|Any CPU
		{A9DECAE7-5F94-4176-9E6D-459A0766BAC9}.Release|x64.ActiveCfg = Release|Any CPU
		{A9DECAE7-5F94-4176-9E6D-459A0766BAC9}.Release|x64.Build.0 = Release|Any CPU
		{A9DECAE7-5F94-4176-9E6D-459A0766BAC9}.Release|x86.ActiveCfg = Release|Any CPU
		{A9DECAE7-5F94-4176-9E6D-459A0766BAC9}.Release|x86.Build.0 = Release|Any CPU
		{7FC9A383-776E-407C-ACBB-1700B79B74D2}.Debug|Any CPU.ActiveCfg = Debug|Any CPU
		{7FC9A383-776E-407C-ACBB-1700B79B74D2}.Debug|Any CPU.Build.0 = Debug|Any CPU
		{7FC9A383-776E-407C-ACBB-1700B79B74D2}.Debug|x64.ActiveCfg = Debug|Any CPU
		{7FC9A383-776E-407C-ACBB-1700B79B74D2}.Debug|x64.Build.0 = Debug|Any CPU
		{7FC9A383-776E-407C-ACBB-1700B79B74D2}.Debug|x86.ActiveCfg = Debug|Any CPU
		{7FC9A383-776E-407C-ACBB-1700B79B74D2}.Debug|x86.Build.0 = Debug|Any CPU
		{7FC9A383-776E-407C-ACBB-1700B79B74D2}.Release|Any CPU.ActiveCfg = Release|Any CPU
		{7FC9A383-776E-407C-ACBB-1700B79B74D2}.Release|Any CPU.Build.0 = Release|Any CPU
		{7FC9A383-776E-407C-ACBB-1700B79B74D2}.Release|x64.ActiveCfg = Release|Any CPU
		{7FC9A383-776E-407C-ACBB-1700B79B74D2}.Release|x64.Build.0 = Release|Any CPU
		{7FC9A383-776E-407C-ACBB-1700B79B74D2}.Release|x86.ActiveCfg = Release|Any CPU
		{7FC9A383-776E-407C-ACBB-1700B79B74D2}.Release|x86.Build.0 = Release|Any CPU
	EndGlobalSection
	GlobalSection(SolutionProperties) = preSolution
		HideSolutionNode = FALSE
	EndGlobalSection
	GlobalSection(NestedProjects) = preSolution
		{D5DF9518-0129-0B11-693A-4AE283754088} = {E7BDDBC6-9FD1-D1D7-ACD8-2C4F8E3D2461}
		{FB95056A-35E6-3B27-B668-87E2A046F9FB} = {5854FF58-B8C5-05C6-5BF2-ACE42193F22B}
		{7C3C2731-6A35-13F7-0073-89C6E3723294} = {5854FF58-B8C5-05C6-5BF2-ACE42193F22B}
		{E87BE5DD-6144-040C-1512-AAB19101606B} = {4F52FD11-658E-A102-6CD3-7D7C16FFA15B}
		{A1B2C3D4-1111-2222-3333-444455556666} = {5854FF58-B8C5-05C6-5BF2-ACE42193F22B}
		{A1B2C3D4-5555-6666-7777-888899990000} = {5854FF58-B8C5-05C6-5BF2-ACE42193F22B}
		{71F404E3-778D-4C3D-BF97-01E44E4B2DB5} = {5854FF58-B8C5-05C6-5BF2-ACE42193F22B}
		{6D5B1A69-DDF9-4573-A923-C39E573ECCF7} = {5854FF58-B8C5-05C6-5BF2-ACE42193F22B}
		{DFD5293B-64B4-4D38-A554-DA6E010B2895} = {5854FF58-B8C5-05C6-5BF2-ACE42193F22B}
		{BED25C9C-0BDC-4968-8E51-CA49FFD1DFB9} = {5854FF58-B8C5-05C6-5BF2-ACE42193F22B}
		{5C8BC329-119B-4BBA-B58C-E360402811C9} = {5854FF58-B8C5-05C6-5BF2-ACE42193F22B}
		{A9DECAE7-5F94-4176-9E6D-459A0766BAC9} = {5854FF58-B8C5-05C6-5BF2-ACE42193F22B}
		{7FC9A383-776E-407C-ACBB-1700B79B74D2} = {5854FF58-B8C5-05C6-5BF2-ACE42193F22B}
	EndGlobalSection
	GlobalSection(ExtensibilityGlobals) = postSolution
		SolutionGuid = {D2C75654-E569-4080-A9CF-3B6B4272E2DC}
	EndGlobalSection
EndGlobal
